
Microsoft Visual Studio Solution File, Format Version 12.00
# Visual Studio Version 17
VisualStudioVersion = 17.1.32421.90
MinimumVisualStudioVersion = 10.0.40219.1
Project("{FAE04EC0-301F-11D3-BF4B-00C04F79EFBC}") = "E-learning-app", "E-learning-app\E-learning-app.csproj", "{BEA14316-4F5F-4BB0-8E3D-44E84D90AE70}"
EndProject
Global
	GlobalSection(SolutionConfigurationPlatforms) = preSolution
		Debug|Any CPU = Debug|Any CPU
		Release|Any CPU = Release|Any CPU
	EndGlobalSection
	GlobalSection(ProjectConfigurationPlatforms) = postSolution
		{BEA14316-4F5F-4BB0-8E3D-44E84D90AE70}.Debug|Any CPU.ActiveCfg = Debug|Any CPU
		{BEA14316-4F5F-4BB0-8E3D-44E84D90AE70}.Debug|Any CPU.Build.0 = Debug|Any CPU
		{BEA14316-4F5F-4BB0-8E3D-44E84D90AE70}.Release|Any CPU.ActiveCfg = Release|Any CPU
		{BEA14316-4F5F-4BB0-8E3D-44E84D90AE70}.Release|Any CPU.Build.0 = Release|Any CPU
	EndGlobalSection
	GlobalSection(SolutionProperties) = preSolution
		HideSolutionNode = FALSE
	EndGlobalSection
	GlobalSection(ExtensibilityGlobals) = postSolution
		SolutionGuid = {D4E40E9A-CC5B-4A87-BECD-D2AE27622D3E}
	EndGlobalSection
EndGlobal
